
Microsoft Visual Studio Solution File, Format Version 12.00
# Visual Studio Version 17
VisualStudioVersion = 17.1.32210.238
MinimumVisualStudioVersion = 10.0.40219.1
Project("{9A19103F-16F7-4668-BE54-9A1E7A4F7556}") = "FormsGurderia", "TiendaProgra\FormsGurderia.csproj", "{C516B5DA-D79F-4738-A736-BE0720C22C8E}"
EndProject
Global
	GlobalSection(SolutionConfigurationPlatforms) = preSolution
		Debug|Any CPU = Debug|Any CPU
		Release|Any CPU = Release|Any CPU
	EndGlobalSection
	GlobalSection(ProjectConfigurationPlatforms) = postSolution
		{C516B5DA-D79F-4738-A736-BE0720C22C8E}.Debug|Any CPU.ActiveCfg = Debug|Any CPU
		{C516B5DA-D79F-4738-A736-BE0720C22C8E}.Debug|Any CPU.Build.0 = Debug|Any CPU
		{C516B5DA-D79F-4738-A736-BE0720C22C8E}.Release|Any CPU.ActiveCfg = Release|Any CPU
		{C516B5DA-D79F-4738-A736-BE0720C22C8E}.Release|Any CPU.Build.0 = Release|Any CPU
	EndGlobalSection
	GlobalSection(SolutionProperties) = preSolution
		HideSolutionNode = FALSE
	EndGlobalSection
	GlobalSection(ExtensibilityGlobals) = postSolution
		SolutionGuid = {97860083-72A3-4699-A62D-F225E8A62F70}
	EndGlobalSection
EndGlobal
